
Microsoft Visual Studio Solution File, Format Version 11.00
# Visual Studio 2010
Project("{FAE04EC0-301F-11D3-BF4B-00C04F79EFBC}") = "KolobokGame", "KolobokGame.csproj", "{CB926DDA-68B4-40AB-A548-0A81A99DEEA6}"
EndProject
Global
	GlobalSection(SolutionConfigurationPlatforms) = preSolution
		Debug|x86 = Debug|x86
		Release|x86 = Release|x86
	EndGlobalSection
	GlobalSection(ProjectConfigurationPlatforms) = postSolution
		{CB926DDA-68B4-40AB-A548-0A81A99DEEA6}.Debug|x86.ActiveCfg = Debug|x86
		{CB926DDA-68B4-40AB-A548-0A81A99DEEA6}.Debug|x86.Build.0 = Debug|x86
		{CB926DDA-68B4-40AB-A548-0A81A99DEEA6}.Release|x86.ActiveCfg = Release|x86
		{CB926DDA-68B4-40AB-A548-0A81A99DEEA6}.Release|x86.Build.0 = Release|x86
	EndGlobalSection
	GlobalSection(SolutionProperties) = preSolution
		HideSolutionNode = FALSE
	EndGlobalSection
EndGlobal
